<?xml version="1.0" encoding="utf-8"?>
<Project ToolsVersion="4.0" xmlns="http://schemas.microsoft.com/developer/msbuild/2003">
  <ItemGroup>
    <Filter Include="源文件">
      <UniqueIdentifier>{4FC737F1-C7A5-4376-A066-2A32D752A2FF}</UniqueIdentifier>
      <Extensions>cpp;c;cc;cxx;def;odl;idl;hpj;bat;asm;asmx</Extensions>
    </Filter>
    <Filter Include="头文件">
      <UniqueIdentifier>{93995380-89BD-4b04-88EB-625FBE52EBFB}</UniqueIdentifier>
      <Extensions>h;hpp;hxx;hm;inl;inc;xsd</Extensions>
    </Filter>
    <Filter Include="资源文件">
      <UniqueIdentifier>{67DA6AB6-F800-4c08-8B7A-83BB121AAD01}</UniqueIdentifier>
      <Extensions>rc;ico;cur;bmp;dlg;rc2;rct;bin;rgs;gif;jpg;jpeg;jpe;resx;tiff;tif;png;wav;mfcribbon-ms</Extensions>
    </Filter>
  </ItemGroup>
  <ItemGroup>
    <ClCompile Include="src\game.cpp">
      <Filter>源文件</Filter>
    </ClCompile>
    <ClCompile Include="base64\base64.cpp">
      <Filter>源文件</Filter>
    </ClCompile>
    <ClCompile Include="tinyxml2\tinyxml2.cpp">
      <Filter>源文件</Filter>
    </ClCompile>
    <ClCompile Include="zlib\adler32.c">
      <Filter>源文件</Filter>
    </ClCompile>
    <ClCompile Include="zlib\compress.c">
      <Filter>源文件</Filter>
    </ClCompile>
    <ClCompile Include="zlib\crc32.c">
      <Filter>源文件</Filter>
    </ClCompile>
    <ClCompile Include="zlib\deflate.c">
      <Filter>源文件</Filter>
    </ClCompile>
    <ClCompile Include="zlib\gzclose.c">
      <Filter>源文件</Filter>
    </ClCompile>
    <ClCompile Include="zlib\gzlib.c">
      <Filter>源文件</Filter>
    </ClCompile>
    <ClCompile Include="zlib\gzread.c">
      <Filter>源文件</Filter>
    </ClCompile>
    <ClCompile Include="zlib\gzwrite.c">
      <Filter>源文件</Filter>
    </ClCompile>
    <ClCompile Include="zlib\infback.c">
      <Filter>源文件</Filter>
    </ClCompile>
    <ClCompile Include="zlib\inffast.c">
      <Filter>源文件</Filter>
    </ClCompile>
    <ClCompile Include="zlib\inflate.c">
      <Filter>源文件</Filter>
    </ClCompile>
    <ClCompile Include="zlib\inftrees.c">
      <Filter>源文件</Filter>
    </ClCompile>
    <ClCompile Include="zlib\trees.c">
      <Filter>源文件</Filter>
    </ClCompile>
    <ClCompile Include="zlib\uncompr.c">
      <Filter>源文件</Filter>
    </ClCompile>
    <ClCompile Include="zlib\zutil.c">
      <Filter>源文件</Filter>
    </ClCompile>
    <ClCompile Include="TmxParser\TmxEllipse.cpp">
      <Filter>源文件</Filter>
    </ClCompile>
    <ClCompile Include="TmxParser\TmxImage.cpp">
      <Filter>源文件</Filter>
    </ClCompile>
    <ClCompile Include="TmxParser\TmxImageLayer.cpp">
      <Filter>源文件</Filter>
    </ClCompile>
    <ClCompile Include="TmxParser\TmxLayer.cpp">
      <Filter>源文件</Filter>
    </ClCompile>
    <ClCompile Include="TmxParser\TmxMap.cpp">
      <Filter>源文件</Filter>
    </ClCompile>
    <ClCompile Include="TmxParser\TmxObject.cpp">
      <Filter>源文件</Filter>
    </ClCompile>
    <ClCompile Include="TmxParser\TmxObjectGroup.cpp">
      <Filter>源文件</Filter>
    </ClCompile>
    <ClCompile Include="TmxParser\TmxPolygon.cpp">
      <Filter>源文件</Filter>
    </ClCompile>
    <ClCompile Include="TmxParser\TmxPolyline.cpp">
      <Filter>源文件</Filter>
    </ClCompile>
    <ClCompile Include="TmxParser\TmxPropertySet.cpp">
      <Filter>源文件</Filter>
    </ClCompile>
    <ClCompile Include="TmxParser\TmxTile.cpp">
      <Filter>源文件</Filter>
    </ClCompile>
    <ClCompile Include="TmxParser\TmxTileset.cpp">
      <Filter>源文件</Filter>
    </ClCompile>
    <ClCompile Include="TmxParser\TmxUtil.cpp">
      <Filter>源文件</Filter>
    </ClCompile>
  </ItemGroup>
  <ItemGroup>
    <ClInclude Include="base64\base64.h">
      <Filter>头文件</Filter>
    </ClInclude>
    <ClInclude Include="tinyxml2\tinyxml2.h">
      <Filter>头文件</Filter>
    </ClInclude>
    <ClInclude Include="zlib\crc32.h">
      <Filter>头文件</Filter>
    </ClInclude>
    <ClInclude Include="zlib\deflate.h">
      <Filter>头文件</Filter>
    </ClInclude>
    <ClInclude Include="zlib\gzguts.h">
      <Filter>头文件</Filter>
    </ClInclude>
    <ClInclude Include="zlib\inffast.h">
      <Filter>头文件</Filter>
    </ClInclude>
    <ClInclude Include="zlib\inffixed.h">
      <Filter>头文件</Filter>
    </ClInclude>
    <ClInclude Include="zlib\inflate.h">
      <Filter>头文件</Filter>
    </ClInclude>
    <ClInclude Include="zlib\inftrees.h">
      <Filter>头文件</Filter>
    </ClInclude>
    <ClInclude Include="zlib\trees.h">
      <Filter>头文件</Filter>
    </ClInclude>
    <ClInclude Include="zlib\zconf.h">
      <Filter>头文件</Filter>
    </ClInclude>
    <ClInclude Include="zlib\zlib.h">
      <Filter>头文件</Filter>
    </ClInclude>
    <ClInclude Include="zlib\zutil.h">
      <Filter>头文件</Filter>
    </ClInclude>
    <ClInclude Include="TmxParser\Tmx.h">
      <Filter>头文件</Filter>
    </ClInclude>
    <ClInclude Include="TmxParser\TmxEllipse.h">
      <Filter>头文件</Filter>
    </ClInclude>
    <ClInclude Include="TmxParser\TmxImage.h">
      <Filter>头文件</Filter>
    </ClInclude>
    <ClInclude Include="TmxParser\TmxImageLayer.h">
      <Filter>头文件</Filter>
    </ClInclude>
    <ClInclude Include="TmxParser\TmxLayer.h">
      <Filter>头文件</Filter>
    </ClInclude>
    <ClInclude Include="TmxParser\TmxMap.h">
      <Filter>头文件</Filter>
    </ClInclude>
    <ClInclude Include="TmxParser\TmxMapTile.h">
      <Filter>头文件</Filter>
    </ClInclude>
    <ClInclude Include="TmxParser\TmxObject.h">
      <Filter>头文件</Filter>
    </ClInclude>
    <ClInclude Include="TmxParser\TmxObjectGroup.h">
      <Filter>头文件</Filter>
    </ClInclude>
    <ClInclude Include="TmxParser\TmxPoint.h">
      <Filter>头文件</Filter>
    </ClInclude>
    <ClInclude Include="TmxParser\TmxPolygon.h">
      <Filter>头文件</Filter>
    </ClInclude>
    <ClInclude Include="TmxParser\TmxPolyline.h">
      <Filter>头文件</Filter>
    </ClInclude>
    <ClInclude Include="TmxParser\TmxPropertySet.h">
      <Filter>头文件</Filter>
    </ClInclude>
    <ClInclude Include="TmxParser\TmxTile.h">
      <Filter>头文件</Filter>
    </ClInclude>
    <ClInclude Include="TmxParser\TmxTileset.h">
      <Filter>头文件</Filter>
    </ClInclude>
    <ClInclude Include="TmxParser\TmxUtil.h">
      <Filter>头文件</Filter>
    </ClInclude>
  </ItemGroup>
</Project>